
Microsoft Visual Studio Solution File, Format Version 12.00
Project("{FAE04EC0-301F-11D3-BF4B-00C04F79EFBC}") = "DockerNet.Desktop", "DockerNet.Desktop\DockerNet.Desktop.csproj", "{797D00AF-48C6-46F3-9F0D-9E774C67E298}"
EndProject
Global
	GlobalSection(SolutionConfigurationPlatforms) = preSolution
		Debug|Any CPU = Debug|Any CPU
		Release|Any CPU = Release|Any CPU
	EndGlobalSection
	GlobalSection(ProjectConfigurationPlatforms) = postSolution
		{797D00AF-48C6-46F3-9F0D-9E774C67E298}.Debug|Any CPU.ActiveCfg = Debug|Any CPU
		{797D00AF-48C6-46F3-9F0D-9E774C67E298}.Debug|Any CPU.Build.0 = Debug|Any CPU
		{797D00AF-48C6-46F3-9F0D-9E774C67E298}.Release|Any CPU.ActiveCfg = Release|Any CPU
		{797D00AF-48C6-46F3-9F0D-9E774C67E298}.Release|Any CPU.Build.0 = Release|Any CPU
	EndGlobalSection
EndGlobal
